// !$*UTF8*$!
{
	archiveVersion = 1;
	classes = {
	};
	objectVersion = 77;
	objects = {

/* Begin PBXContainerItemProxy section */
		33F95CFB2D80FFE300ACDB26 /* PBXContainerItemProxy */ = {
			isa = PBXContainerItemProxy;
			containerPortal = 33F95CE22D80FFE000ACDB26 /* Project object */;
			proxyType = 1;
			remoteGlobalIDString = 33F95CE92D80FFE000ACDB26;
			remoteInfo = RecipesProject;
		};
		33F95D052D80FFE300ACDB26 /* PBXContainerItemProxy */ = {
			isa = PBXContainerItemProxy;
			containerPortal = 33F95CE22D80FFE000ACDB26 /* Project object */;
			proxyType = 1;
			remoteGlobalIDString = 33F95CE92D80FFE000ACDB26;
			remoteInfo = RecipesProject;
		};
/* End PBXContainerItemProxy section */

/* Begin PBXFileReference section */
		33F95CEA2D80FFE000ACDB26 /* RecipesProject.app */ = {isa = PBXFileReference; explicitFileType = wrapper.application; includeInIndex = 0; path = RecipesProject.app; sourceTree = BUILT_PRODUCTS_DIR; };
		33F95CFA2D80FFE300ACDB26 /* RecipesProjectTests.xctest */ = {isa = PBXFileReference; explicitFileType = wrapper.cfbundle; includeInIndex = 0; path = RecipesProjectTests.xctest; sourceTree = BUILT_PRODUCTS_DIR; };
		33F95D042D80FFE300ACDB26 /* RecipesProjectUITests.xctest */ = {isa = PBXFileReference; explicitFileType = wrapper.cfbundle; includeInIndex = 0; path = RecipesProjectUITests.xctest; sourceTree = BUILT_PRODUCTS_DIR; };
/* End PBXFileReference section */

/* Begin PBXFileSystemSynchronizedRootGroup section */
		33F95CEC2D80FFE000ACDB26 /* RecipesProject */ = {
			isa = PBXFileSystemSynchronizedRootGroup;
			path = RecipesProject;
			sourceTree = "<group>";
		};
		33F95CFD2D80FFE300ACDB26 /* RecipesProjectTests */ = {
			isa = PBXFileSystemSynchronizedRootGroup;
			path = RecipesProjectTests;
			sourceTree = "<group>";
		};
		33F95D072D80FFE300ACDB26 /* RecipesProjectUITests */ = {
			isa = PBXFileSystemSynchronizedRootGroup;
			path = RecipesProjectUITests;
			sourceTree = "<group>";
		};
/* End PBXFileSystemSynchronizedRootGroup section */

/* Begin PBXFrameworksBuildPhase section */
		33F95CE72D80FFE000ACDB26 /* Frameworks */ = {
			isa = PBXFrameworksBuildPhase;
			buildActionMask = 2147483647;
			files = (
			);
			runOnlyForDeploymentPostprocessing = 0;
		};
		33F95CF72D80FFE300ACDB26 /* Frameworks */ = {
			isa = PBXFrameworksBuildPhase;
			buildActionMask = 2147483647;
			files = (
			);
			runOnlyForDeploymentPostprocessing = 0;
		};
		33F95D012D80FFE300ACDB26 /* Frameworks */ = {
			isa = PBXFrameworksBuildPhase;
			buildActionMask = 2147483647;
			files = (
			);
			runOnlyForDeploymentPostprocessing = 0;
		};
/* End PBXFrameworksBuildPhase section */

/* Begin PBXGroup section */
		33F95CE12D80FFE000ACDB26 = {
			isa = PBXGroup;
			children = (
				33F95CEC2D80FFE000ACDB26 /* RecipesProject */,
				33F95CFD2D80FFE300ACDB26 /* RecipesProjectTests */,
				33F95D072D80FFE300ACDB26 /* RecipesProjectUITests */,
				33F95CEB2D80FFE000ACDB26 /* Products */,
			);
			sourceTree = "<group>";
		};
		33F95CEB2D80FFE000ACDB26 /* Products */ = {
			isa = PBXGroup;
			children = (
				33F95CEA2D80FFE000ACDB26 /* RecipesProject.app */,
				33F95CFA2D80FFE300ACDB26 /* RecipesProjectTests.xctest */,
				33F95D042D80FFE300ACDB26 /* RecipesProjectUITests.xctest */,
			);
			name = Products;
			sourceTree = "<group>";
		};
/* End PBXGroup section */

/* Begin PBXNativeTarget section */
		33F95CE92D80FFE000ACDB26 /* RecipesProject */ = {
			isa = PBXNativeTarget;
			buildConfigurationList = 33F95D0E2D80FFE300ACDB26 /* Build configuration list for PBXNativeTarget "RecipesProject" */;
			buildPhases = (
				33F95CE62D80FFE000ACDB26 /* Sources */,
				33F95CE72D80FFE000ACDB26 /* Frameworks */,
				33F95CE82D80FFE000ACDB26 /* Resources */,
			);
			buildRules = (
			);
			dependencies = (
			);
			fileSystemSynchronizedGroups = (
				33F95CEC2D80FFE000ACDB26 /* RecipesProject */,
			);
			name = RecipesProject;
			packageProductDependencies = (
			);
			productName = RecipesProject;
			productReference = 33F95CEA2D80FFE000ACDB26 /* RecipesProject.app */;
			productType = "com.apple.product-type.application";
		};
		33F95CF92D80FFE300ACDB26 /* RecipesProjectTests */ = {
			isa = PBXNativeTarget;
			buildConfigurationList = 33F95D112D80FFE300ACDB26 /* Build configuration list for PBXNativeTarget "RecipesProjectTests" */;
			buildPhases = (
				33F95CF62D80FFE300ACDB26 /* Sources */,
				33F95CF72D80FFE300ACDB26 /* Frameworks */,
				33F95CF82D80FFE300ACDB26 /* Resources */,
			);
			buildRules = (
			);
			dependencies = (
				33F95CFC2D80FFE300ACDB26 /* PBXTargetDependency */,
			);
			fileSystemSynchronizedGroups = (
				33F95CFD2D80FFE300ACDB26 /* RecipesProjectTests */,
			);
			name = RecipesProjectTests;
			packageProductDependencies = (
			);
			productName = RecipesProjectTests;
			productReference = 33F95CFA2D80FFE300ACDB26 /* RecipesProjectTests.xctest */;
			productType = "com.apple.product-type.bundle.unit-test";
		};
		33F95D032D80FFE300ACDB26 /* RecipesProjectUITests */ = {
			isa = PBXNativeTarget;
			buildConfigurationList = 33F95D142D80FFE300ACDB26 /* Build configuration list for PBXNativeTarget "RecipesProjectUITests" */;
			buildPhases = (
				33F95D002D80FFE300ACDB26 /* Sources */,
				33F95D012D80FFE300ACDB26 /* Frameworks */,
				33F95D022D80FFE300ACDB26 /* Resources */,
			);
			buildRules = (
			);
			dependencies = (
				33F95D062D80FFE300ACDB26 /* PBXTargetDependency */,
			);
			fileSystemSynchronizedGroups = (
				33F95D072D80FFE300ACDB26 /* RecipesProjectUITests */,
			);
			name = RecipesProjectUITests;
			packageProductDependencies = (
			);
			productName = RecipesProjectUITests;
			productReference = 33F95D042D80FFE300ACDB26 /* RecipesProjectUITests.xctest */;
			productType = "com.apple.product-type.bundle.ui-testing";
		};
/* End PBXNativeTarget section */

/* Begin PBXProject section */
		33F95CE22D80FFE000ACDB26 /* Project object */ = {
			isa = PBXProject;
			attributes = {
				BuildIndependentTargetsInParallel = 1;
				LastSwiftUpdateCheck = 1620;
				LastUpgradeCheck = 1620;
				TargetAttributes = {
					33F95CE92D80FFE000ACDB26 = {
						CreatedOnToolsVersion = 16.2;
					};
					33F95CF92D80FFE300ACDB26 = {
						CreatedOnToolsVersion = 16.2;
						TestTargetID = 33F95CE92D80FFE000ACDB26;
					};
					33F95D032D80FFE300ACDB26 = {
						CreatedOnToolsVersion = 16.2;
						TestTargetID = 33F95CE92D80FFE000ACDB26;
					};
				};
			};
			buildConfigurationList = 33F95CE52D80FFE000ACDB26 /* Build configuration list for PBXProject "RecipesProject" */;
			developmentRegion = en;
			hasScannedForEncodings = 0;
			knownRegions = (
				en,
				Base,
			);
			mainGroup = 33F95CE12D80FFE000ACDB26;
			minimizedProjectReferenceProxies = 1;
			preferredProjectObjectVersion = 77;
			productRefGroup = 33F95CEB2D80FFE000ACDB26 /* Products */;
			projectDirPath = "";
			projectRoot = "";
			targets = (
				33F95CE92D80FFE000ACDB26 /* RecipesProject */,
				33F95CF92D80FFE300ACDB26 /* RecipesProjectTests */,
				33F95D032D80FFE300ACDB26 /* RecipesProjectUITests */,
			);
		};
/* End PBXProject section */

/* Begin PBXResourcesBuildPhase section */
		33F95CE82D80FFE000ACDB26 /* Resources */ = {
			isa = PBXResourcesBuildPhase;
			buildActionMask = 2147483647;
			files = (
			);
			runOnlyForDeploymentPostprocessing = 0;
		};
		33F95CF82D80FFE300ACDB26 /* Resources */ = {
			isa = PBXResourcesBuildPhase;
			buildActionMask = 2147483647;
			files = (
			);
			runOnlyForDeploymentPostprocessing = 0;
		};
		33F95D022D80FFE300ACDB26 /* Resources */ = {
			isa = PBXResourcesBuildPhase;
			buildActionMask = 2147483647;
			files = (
			);
			runOnlyForDeploymentPostprocessing = 0;
		};
/* End PBXResourcesBuildPhase section */

/* Begin PBXSourcesBuildPhase section */
		33F95CE62D80FFE000ACDB26 /* Sources */ = {
			isa = PBXSourcesBuildPhase;
			buildActionMask = 2147483647;
			files = (
			);
			runOnlyForDeploymentPostprocessing = 0;
		};
		33F95CF62D80FFE300ACDB26 /* Sources */ = {
			isa = PBXSourcesBuildPhase;
			buildActionMask = 2147483647;
			files = (
			);
			runOnlyForDeploymentPostprocessing = 0;
		};
		33F95D002D80FFE300ACDB26 /* Sources */ = {
			isa = PBXSourcesBuildPhase;
			buildActionMask = 2147483647;
			files = (
			);
			runOnlyForDeploymentPostprocessing = 0;
		};
/* End PBXSourcesBuildPhase section */

/* Begin PBXTargetDependency section */
		33F95CFC2D80FFE300ACDB26 /* PBXTargetDependency */ = {
			isa = PBXTargetDependency;
			target = 33F95CE92D80FFE000ACDB26 /* RecipesProject */;
			targetProxy = 33F95CFB2D80FFE300ACDB26 /* PBXContainerItemProxy */;
		};
		33F95D062D80FFE300ACDB26 /* PBXTargetDependency */ = {
			isa = PBXTargetDependency;
			target = 33F95CE92D80FFE000ACDB26 /* RecipesProject */;
			targetProxy = 33F95D052D80FFE300ACDB26 /* PBXContainerItemProxy */;
		};
/* End PBXTargetDependency section */

/* Begin XCBuildConfiguration section */
		33F95D0C2D80FFE300ACDB26 /* Debug */ = {
			isa = XCBuildConfiguration;
			buildSettings = {
				ALWAYS_SEARCH_USER_PATHS = NO;
				ASSETCATALOG_COMPILER_GENERATE_SWIFT_ASSET_SYMBOL_EXTENSIONS = YES;
				CLANG_ANALYZER_NONNULL = YES;
				CLANG_ANALYZER_NUMBER_OBJECT_CONVERSION = YES_AGGRESSIVE;
				CLANG_CXX_LANGUAGE_STANDARD = "gnu++20";
				CLANG_ENABLE_MODULES = YES;
				CLANG_ENABLE_OBJC_ARC = YES;
				CLANG_ENABLE_OBJC_WEAK = YES;
				CLANG_WARN_BLOCK_CAPTURE_AUTORELEASING = YES;
				CLANG_WARN_BOOL_CONVERSION = YES;
				CLANG_WARN_COMMA = YES;
				CLANG_WARN_CONSTANT_CONVERSION = YES;
				CLANG_WARN_DEPRECATED_OBJC_IMPLEMENTATIONS = YES;
				CLANG_WARN_DIRECT_OBJC_ISA_USAGE = YES_ERROR;
				CLANG_WARN_DOCUMENTATION_COMMENTS = YES;
				CLANG_WARN_EMPTY_BODY = YES;
				CLANG_WARN_ENUM_CONVERSION = YES;
				CLANG_WARN_INFINITE_RECURSION = YES;
				CLANG_WARN_INT_CONVERSION = YES;
				CLANG_WARN_NON_LITERAL_NULL_CONVERSION = YES;
				CLANG_WARN_OBJC_IMPLICIT_RETAIN_SELF = YES;
				CLANG_WARN_OBJC_LITERAL_CONVERSION = YES;
				CLANG_WARN_OBJC_ROOT_CLASS = YES_ERROR;
				CLANG_WARN_QUOTED_INCLUDE_IN_FRAMEWORK_HEADER = YES;
				CLANG_WARN_RANGE_LOOP_ANALYSIS = YES;
				CLANG_WARN_STRICT_PROTOTYPES = YES;
				CLANG_WARN_SUSPICIOUS_MOVE = YES;
				CLANG_WARN_UNGUARDED_AVAILABILITY = YES_AGGRESSIVE;
				CLANG_WARN_UNREACHABLE_CODE = YES;
				CLANG_WARN__DUPLICATE_METHOD_MATCH = YES;
				COPY_PHASE_STRIP = NO;
				DEBUG_INFORMATION_FORMAT = dwarf;
				ENABLE_STRICT_OBJC_MSGSEND = YES;
				ENABLE_TESTABILITY = YES;
				ENABLE_USER_SCRIPT_SANDBOXING = YES;
				GCC_C_LANGUAGE_STANDARD = gnu17;
				GCC_DYNAMIC_NO_PIC = NO;
				GCC_NO_COMMON_BLOCKS = YES;
				GCC_OPTIMIZATION_LEVEL = 0;
				GCC_PREPROCESSOR_DEFINITIONS = (
					"DEBUG=1",
					"$(inherited)",
				);
				GCC_WARN_64_TO_32_BIT_CONVERSION = YES;
				GCC_WARN_ABOUT_RETURN_TYPE = YES_ERROR;
				GCC_WARN_UNDECLARED_SELECTOR = YES;
				GCC_WARN_UNINITIALIZED_AUTOS = YES_AGGRESSIVE;
				GCC_WARN_UNUSED_FUNCTION = YES;
				GCC_WARN_UNUSED_VARIABLE = YES;
				IPHONEOS_DEPLOYMENT_TARGET = 18.2;
				LOCALIZATION_PREFERS_STRING_CATALOGS = YES;
				MTL_ENABLE_DEBUG_INFO = INCLUDE_SOURCE;
				MTL_FAST_MATH = YES;
				ONLY_ACTIVE_ARCH = YES;
				SDKROOT = iphoneos;
				SWIFT_ACTIVE_COMPILATION_CONDITIONS = "DEBUG $(inherited)";
				SWIFT_OPTIMIZATION_LEVEL = "-Onone";
			};
			name = Debug;
		};
		33F95D0D2D80FFE300ACDB26 /* Release */ = {
			isa = XCBuildConfiguration;
			buildSettings = {
				ALWAYS_SEARCH_USER_PATHS = NO;
				ASSETCATALOG_COMPILER_GENERATE_SWIFT_ASSET_SYMBOL_EXTENSIONS = YES;
				CLANG_ANALYZER_NONNULL = YES;
				CLANG_ANALYZER_NUMBER_OBJECT_CONVERSION = YES_AGGRESSIVE;
				CLANG_CXX_LANGUAGE_STANDARD = "gnu++20";
				CLANG_ENABLE_MODULES = YES;
				CLANG_ENABLE_OBJC_ARC = YES;
				CLANG_ENABLE_OBJC_WEAK = YES;
				CLANG_WARN_BLOCK_CAPTURE_AUTORELEASING = YES;
				CLANG_WARN_BOOL_CONVERSION = YES;
				CLANG_WARN_COMMA = YES;
				CLANG_WARN_CONSTANT_CONVERSION = YES;
				CLANG_WARN_DEPRECATED_OBJC_IMPLEMENTATIONS = YES;
				CLANG_WARN_DIRECT_OBJC_ISA_USAGE = YES_ERROR;
				CLANG_WARN_DOCUMENTATION_COMMENTS = YES;
				CLANG_WARN_EMPTY_BODY = YES;
				CLANG_WARN_ENUM_CONVERSION = YES;
				CLANG_WARN_INFINITE_RECURSION = YES;
				CLANG_WARN_INT_CONVERSION = YES;
				CLANG_WARN_NON_LITERAL_NULL_CONVERSION = YES;
				CLANG_WARN_OBJC_IMPLICIT_RETAIN_SELF = YES;
				CLANG_WARN_OBJC_LITERAL_CONVERSION = YES;
				CLANG_WARN_OBJC_ROOT_CLASS = YES_ERROR;
				CLANG_WARN_QUOTED_INCLUDE_IN_FRAMEWORK_HEADER = YES;
				CLANG_WARN_RANGE_LOOP_ANALYSIS = YES;
				CLANG_WARN_STRICT_PROTOTYPES = YES;
				CLANG_WARN_SUSPICIOUS_MOVE = YES;
				CLANG_WARN_UNGUARDED_AVAILABILITY = YES_AGGRESSIVE;
				CLANG_WARN_UNREACHABLE_CODE = YES;
				CLANG_WARN__DUPLICATE_METHOD_MATCH = YES;
				COPY_PHASE_STRIP = NO;
				DEBUG_INFORMATION_FORMAT = "dwarf-with-dsym";
				ENABLE_NS_ASSERTIONS = NO;
				ENABLE_STRICT_OBJC_MSGSEND = YES;
				ENABLE_USER_SCRIPT_SANDBOXING = YES;
				GCC_C_LANGUAGE_STANDARD = gnu17;
				GCC_NO_COMMON_BLOCKS = YES;
				GCC_WARN_64_TO_32_BIT_CONVERSION = YES;
				GCC_WARN_ABOUT_RETURN_TYPE = YES_ERROR;
				GCC_WARN_UNDECLARED_SELECTOR = YES;
				GCC_WARN_UNINITIALIZED_AUTOS = YES_AGGRESSIVE;
				GCC_WARN_UNUSED_FUNCTION = YES;
				GCC_WARN_UNUSED_VARIABLE = YES;
				IPHONEOS_DEPLOYMENT_TARGET = 18.2;
				LOCALIZATION_PREFERS_STRING_CATALOGS = YES;
				MTL_ENABLE_DEBUG_INFO = NO;
				MTL_FAST_MATH = YES;
				SDKROOT = iphoneos;
				SWIFT_COMPILATION_MODE = wholemodule;
				VALIDATE_PRODUCT = YES;
			};
			name = Release;
		};
		33F95D0F2D80FFE300ACDB26 /* Debug */ = {
			isa = XCBuildConfiguration;
			buildSettings = {
				ASSETCATALOG_COMPILER_APPICON_NAME = AppIcon;
				ASSETCATALOG_COMPILER_GLOBAL_ACCENT_COLOR_NAME = AccentColor;
				CODE_SIGN_STYLE = Automatic;
				CURRENT_PROJECT_VERSION = 1;
				DEVELOPMENT_ASSET_PATHS = "\"RecipesProject/Preview Content\"";
				ENABLE_PREVIEWS = YES;
				GENERATE_INFOPLIST_FILE = YES;
				INFOPLIST_KEY_UIApplicationSceneManifest_Generation = YES;
				INFOPLIST_KEY_UIApplicationSupportsIndirectInputEvents = YES;
				INFOPLIST_KEY_UILaunchScreen_Generation = YES;
				INFOPLIST_KEY_UISupportedInterfaceOrientations_iPad = "UIInterfaceOrientationPortrait UIInterfaceOrientationPortraitUpsideDown UIInterfaceOrientationLandscapeLeft UIInterfaceOrientationLandscapeRight";
				INFOPLIST_KEY_UISupportedInterfaceOrientations_iPhone = "UIInterfaceOrientationPortrait UIInterfaceOrientationLandscapeLeft UIInterfaceOrientationLandscapeRight";
				LD_RUNPATH_SEARCH_PATHS = (
					"$(inherited)",
					"@executable_path/Frameworks",
				);
				MARKETING_VERSION = 1.0;
				PRODUCT_BUNDLE_IDENTIFIER = com.pratyush.RecipesProject;
				PRODUCT_NAME = "$(TARGET_NAME)";
				SWIFT_EMIT_LOC_STRINGS = YES;
				SWIFT_VERSION = 5.0;
				TARGETED_DEVICE_FAMILY = "1,2";
			};
			name = Debug;
		};
		33F95D102D80FFE300ACDB26 /* Release */ = {
			isa = XCBuildConfiguration;
			buildSettings = {
				ASSETCATALOG_COMPILER_APPICON_NAME = AppIcon;
				ASSETCATALOG_COMPILER_GLOBAL_ACCENT_COLOR_NAME = AccentColor;
				CODE_SIGN_STYLE = Automatic;
				CURRENT_PROJECT_VERSION = 1;
				DEVELOPMENT_ASSET_PATHS = "\"RecipesProject/Preview Content\"";
				ENABLE_PREVIEWS = YES;
				GENERATE_INFOPLIST_FILE = YES;
				INFOPLIST_KEY_UIApplicationSceneManifest_Generation = YES;
				INFOPLIST_KEY_UIApplicationSupportsIndirectInputEvents = YES;
				INFOPLIST_KEY_UILaunchScreen_Generation = YES;
				INFOPLIST_KEY_UISupportedInterfaceOrientations_iPad = "UIInterfaceOrientationPortrait UIInterfaceOrientationPortraitUpsideDown UIInterfaceOrientationLandscapeLeft UIInterfaceOrientationLandscapeRight";
				INFOPLIST_KEY_UISupportedInterfaceOrientations_iPhone = "UIInterfaceOrientationPortrait UIInterfaceOrientationLandscapeLeft UIInterfaceOrientationLandscapeRight";
				LD_RUNPATH_SEARCH_PATHS = (
					"$(inherited)",
					"@executable_path/Frameworks",
				);
				MARKETING_VERSION = 1.0;
				PRODUCT_BUNDLE_IDENTIFIER = com.pratyush.RecipesProject;
				PRODUCT_NAME = "$(TARGET_NAME)";
				SWIFT_EMIT_LOC_STRINGS = YES;
				SWIFT_VERSION = 5.0;
				TARGETED_DEVICE_FAMILY = "1,2";
			};
			name = Release;
		};
		33F95D122D80FFE300ACDB26 /* Debug */ = {
			isa = XCBuildConfiguration;
			buildSettings = {
				BUNDLE_LOADER = "$(TEST_HOST)";
				CODE_SIGN_STYLE = Automatic;
				CURRENT_PROJECT_VERSION = 1;
				GENERATE_INFOPLIST_FILE = YES;
				IPHONEOS_DEPLOYMENT_TARGET = 18.2;
				MARKETING_VERSION = 1.0;
				PRODUCT_BUNDLE_IDENTIFIER = com.pratyush.RecipesProjectTests;
				PRODUCT_NAME = "$(TARGET_NAME)";
				SWIFT_EMIT_LOC_STRINGS = NO;
				SWIFT_VERSION = 5.0;
				TARGETED_DEVICE_FAMILY = "1,2";
				TEST_HOST = "$(BUILT_PRODUCTS_DIR)/RecipesProject.app/$(BUNDLE_EXECUTABLE_FOLDER_PATH)/RecipesProject";
			};
			name = Debug;
		};
		33F95D132D80FFE300ACDB26 /* Release */ = {
			isa = XCBuildConfiguration;
			buildSettings = {
				BUNDLE_LOADER = "$(TEST_HOST)";
				CODE_SIGN_STYLE = Automatic;
				CURRENT_PROJECT_VERSION = 1;
				GENERATE_INFOPLIST_FILE = YES;
				IPHONEOS_DEPLOYMENT_TARGET = 18.2;
				MARKETING_VERSION = 1.0;
				PRODUCT_BUNDLE_IDENTIFIER = com.pratyush.RecipesProjectTests;
				PRODUCT_NAME = "$(TARGET_NAME)";
				SWIFT_EMIT_LOC_STRINGS = NO;
				SWIFT_VERSION = 5.0;
				TARGETED_DEVICE_FAMILY = "1,2";
				TEST_HOST = "$(BUILT_PRODUCTS_DIR)/RecipesProject.app/$(BUNDLE_EXECUTABLE_FOLDER_PATH)/RecipesProject";
			};
			name = Release;
		};
		33F95D152D80FFE300ACDB26 /* Debug */ = {
			isa = XCBuildConfiguration;
			buildSettings = {
				CODE_SIGN_STYLE = Automatic;
				CURRENT_PROJECT_VERSION = 1;
				GENERATE_INFOPLIST_FILE = YES;
				MARKETING_VERSION = 1.0;
				PRODUCT_BUNDLE_IDENTIFIER = com.pratyush.RecipesProjectUITests;
				PRODUCT_NAME = "$(TARGET_NAME)";
				SWIFT_EMIT_LOC_STRINGS = NO;
				SWIFT_VERSION = 5.0;
				TARGETED_DEVICE_FAMILY = "1,2";
				TEST_TARGET_NAME = RecipesProject;
			};
			name = Debug;
		};
		33F95D162D80FFE300ACDB26 /* Release */ = {
			isa = XCBuildConfiguration;
			buildSettings = {
				CODE_SIGN_STYLE = Automatic;
				CURRENT_PROJECT_VERSION = 1;
				GENERATE_INFOPLIST_FILE = YES;
				MARKETING_VERSION = 1.0;
				PRODUCT_BUNDLE_IDENTIFIER = com.pratyush.RecipesProjectUITests;
				PRODUCT_NAME = "$(TARGET_NAME)";
				SWIFT_EMIT_LOC_STRINGS = NO;
				SWIFT_VERSION = 5.0;
				TARGETED_DEVICE_FAMILY = "1,2";
				TEST_TARGET_NAME = RecipesProject;
			};
			name = Release;
		};
/* End XCBuildConfiguration section */

/* Begin XCConfigurationList section */
		33F95CE52D80FFE000ACDB26 /* Build configuration list for PBXProject "RecipesProject" */ = {
			isa = XCConfigurationList;
			buildConfigurations = (
				33F95D0C2D80FFE300ACDB26 /* Debug */,
				33F95D0D2D80FFE300ACDB26 /* Release */,
			);
			defaultConfigurationIsVisible = 0;
			defaultConfigurationName = Release;
		};
		33F95D0E2D80FFE300ACDB26 /* Build configuration list for PBXNativeTarget "RecipesProject" */ = {
			isa = XCConfigurationList;
			buildConfigurations = (
				33F95D0F2D80FFE300ACDB26 /* Debug */,
				33F95D102D80FFE300ACDB26 /* Release */,
			);
			defaultConfigurationIsVisible = 0;
			defaultConfigurationName = Release;
		};
		33F95D112D80FFE300ACDB26 /* Build configuration list for PBXNativeTarget "RecipesProjectTests" */ = {
			isa = XCConfigurationList;
			buildConfigurations = (
				33F95D122D80FFE300ACDB26 /* Debug */,
				33F95D132D80FFE300ACDB26 /* Release */,
			);
			defaultConfigurationIsVisible = 0;
			defaultConfigurationName = Release;
		};
		33F95D142D80FFE300ACDB26 /* Build configuration list for PBXNativeTarget "RecipesProjectUITests" */ = {
			isa = XCConfigurationList;
			buildConfigurations = (
				33F95D152D80FFE300ACDB26 /* Debug */,
				33F95D162D80FFE300ACDB26 /* Release */,
			);
			defaultConfigurationIsVisible = 0;
			defaultConfigurationName = Release;
		};
/* End XCConfigurationList section */
	};
	rootObject = 33F95CE22D80FFE000ACDB26 /* Project object */;
}
